// !$*UTF8*$!
{
	archiveVersion = 1;
	classes = {
	};
	objectVersion = 56;
	objects = {

/* Begin PBXBuildFile section */
		4F3916142BF8ACC50003624E /* UIBlockingProgressHUD.swift in Sources */ = {isa = PBXBuildFile; fileRef = 4F3916132BF8ACC50003624E /* UIBlockingProgressHUD.swift */; };
		4F3916162BF9EE500003624E /* ProfileService.swift in Sources */ = {isa = PBXBuildFile; fileRef = 4F3916152BF9EE500003624E /* ProfileService.swift */; };
		4F3916192BFA118C0003624E /* ProgressHUD in Frameworks */ = {isa = PBXBuildFile; productRef = 4F3916182BFA118C0003624E /* ProgressHUD */; };
		4F41005E2BE696B400473381 /* Constants.swift in Sources */ = {isa = PBXBuildFile; fileRef = 4F41005D2BE696B400473381 /* Constants.swift */; };
		4F4333C02BEA575D001C92B4 /* AuthViewController.swift in Sources */ = {isa = PBXBuildFile; fileRef = 4F4333BF2BEA575D001C92B4 /* AuthViewController.swift */; };
		4F4333C32BEA621D001C92B4 /* WebViewViewController.swift in Sources */ = {isa = PBXBuildFile; fileRef = 4F4333C22BEA621D001C92B4 /* WebViewViewController.swift */; };
		4F4333C52BEB8CD8001C92B4 /* OAuth2Service.swift in Sources */ = {isa = PBXBuildFile; fileRef = 4F4333C42BEB8CD8001C92B4 /* OAuth2Service.swift */; };
		4F4333C72BEB9086001C92B4 /* URLSession+data.swift in Sources */ = {isa = PBXBuildFile; fileRef = 4F4333C62BEB9086001C92B4 /* URLSession+data.swift */; };
		4F4333C92BEB91AE001C92B4 /* OAuthTokenResponseBody.swift in Sources */ = {isa = PBXBuildFile; fileRef = 4F4333C82BEB91AE001C92B4 /* OAuthTokenResponseBody.swift */; };
		4F4333CB2BEB9345001C92B4 /* OAuth2TokenStorage.swift in Sources */ = {isa = PBXBuildFile; fileRef = 4F4333CA2BEB9345001C92B4 /* OAuth2TokenStorage.swift */; };
		4F4333CD2BEBAAB6001C92B4 /* SplashViewController.swift in Sources */ = {isa = PBXBuildFile; fileRef = 4F4333CC2BEBAAB6001C92B4 /* SplashViewController.swift */; };
		4F4C7EDF2BBEFA8E00F8E8BA /* AppDelegate.swift in Sources */ = {isa = PBXBuildFile; fileRef = 4F4C7EDE2BBEFA8E00F8E8BA /* AppDelegate.swift */; };
		4F4C7EE12BBEFA8E00F8E8BA /* SceneDelegate.swift in Sources */ = {isa = PBXBuildFile; fileRef = 4F4C7EE02BBEFA8E00F8E8BA /* SceneDelegate.swift */; };
		4F4C7EE32BBEFA8E00F8E8BA /* ImagesListViewController.swift in Sources */ = {isa = PBXBuildFile; fileRef = 4F4C7EE22BBEFA8E00F8E8BA /* ImagesListViewController.swift */; };
		4F4C7EE62BBEFA8E00F8E8BA /* Base in Resources */ = {isa = PBXBuildFile; fileRef = 4F4C7EE52BBEFA8E00F8E8BA /* Base */; };
		4F4C7EE82BBEFA8F00F8E8BA /* Assets.xcassets in Resources */ = {isa = PBXBuildFile; fileRef = 4F4C7EE72BBEFA8F00F8E8BA /* Assets.xcassets */; };
		4F4C7EEB2BBEFA8F00F8E8BA /* Base in Resources */ = {isa = PBXBuildFile; fileRef = 4F4C7EEA2BBEFA8F00F8E8BA /* Base */; };
		4F6CEFCC2BD544F1004ECE99 /* SingleImageViewController.swift in Sources */ = {isa = PBXBuildFile; fileRef = 4F6CEFCB2BD544F1004ECE99 /* SingleImageViewController.swift */; };
		4F92B8752BD0422E0070FC53 /* ProfileViewController.swift in Sources */ = {isa = PBXBuildFile; fileRef = 4F92B8742BD0422E0070FC53 /* ProfileViewController.swift */; };
		4FC87F142BC708D1009E0409 /* ImagesListCell.swift in Sources */ = {isa = PBXBuildFile; fileRef = 4FC87F132BC708D1009E0409 /* ImagesListCell.swift */; };
/* End PBXBuildFile section */

/* Begin PBXFileReference section */
		4F3916132BF8ACC50003624E /* UIBlockingProgressHUD.swift */ = {isa = PBXFileReference; lastKnownFileType = sourcecode.swift; path = UIBlockingProgressHUD.swift; sourceTree = "<group>"; };
		4F3916152BF9EE500003624E /* ProfileService.swift */ = {isa = PBXFileReference; lastKnownFileType = sourcecode.swift; path = ProfileService.swift; sourceTree = "<group>"; };
		4F41005D2BE696B400473381 /* Constants.swift */ = {isa = PBXFileReference; lastKnownFileType = sourcecode.swift; path = Constants.swift; sourceTree = "<group>"; };
		4F4333BF2BEA575D001C92B4 /* AuthViewController.swift */ = {isa = PBXFileReference; lastKnownFileType = sourcecode.swift; path = AuthViewController.swift; sourceTree = "<group>"; };
		4F4333C22BEA621D001C92B4 /* WebViewViewController.swift */ = {isa = PBXFileReference; lastKnownFileType = sourcecode.swift; path = WebViewViewController.swift; sourceTree = "<group>"; };
		4F4333C42BEB8CD8001C92B4 /* OAuth2Service.swift */ = {isa = PBXFileReference; lastKnownFileType = sourcecode.swift; path = OAuth2Service.swift; sourceTree = "<group>"; };
		4F4333C62BEB9086001C92B4 /* URLSession+data.swift */ = {isa = PBXFileReference; lastKnownFileType = sourcecode.swift; path = "URLSession+data.swift"; sourceTree = "<group>"; };
		4F4333C82BEB91AE001C92B4 /* OAuthTokenResponseBody.swift */ = {isa = PBXFileReference; lastKnownFileType = sourcecode.swift; path = OAuthTokenResponseBody.swift; sourceTree = "<group>"; };
		4F4333CA2BEB9345001C92B4 /* OAuth2TokenStorage.swift */ = {isa = PBXFileReference; lastKnownFileType = sourcecode.swift; path = OAuth2TokenStorage.swift; sourceTree = "<group>"; };
		4F4333CC2BEBAAB6001C92B4 /* SplashViewController.swift */ = {isa = PBXFileReference; lastKnownFileType = sourcecode.swift; path = SplashViewController.swift; sourceTree = "<group>"; };
		4F4C7EDB2BBEFA8E00F8E8BA /* TickPic.app */ = {isa = PBXFileReference; explicitFileType = wrapper.application; includeInIndex = 0; path = TickPic.app; sourceTree = BUILT_PRODUCTS_DIR; };
		4F4C7EDE2BBEFA8E00F8E8BA /* AppDelegate.swift */ = {isa = PBXFileReference; lastKnownFileType = sourcecode.swift; path = AppDelegate.swift; sourceTree = "<group>"; };
		4F4C7EE02BBEFA8E00F8E8BA /* SceneDelegate.swift */ = {isa = PBXFileReference; lastKnownFileType = sourcecode.swift; path = SceneDelegate.swift; sourceTree = "<group>"; };
		4F4C7EE22BBEFA8E00F8E8BA /* ImagesListViewController.swift */ = {isa = PBXFileReference; lastKnownFileType = sourcecode.swift; path = ImagesListViewController.swift; sourceTree = "<group>"; };
		4F4C7EE52BBEFA8E00F8E8BA /* Base */ = {isa = PBXFileReference; lastKnownFileType = file.storyboard; name = Base; path = Base.lproj/Main.storyboard; sourceTree = "<group>"; };
		4F4C7EE72BBEFA8F00F8E8BA /* Assets.xcassets */ = {isa = PBXFileReference; lastKnownFileType = folder.assetcatalog; path = Assets.xcassets; sourceTree = "<group>"; };
		4F4C7EEA2BBEFA8F00F8E8BA /* Base */ = {isa = PBXFileReference; lastKnownFileType = file.storyboard; name = Base; path = Base.lproj/LaunchScreen.storyboard; sourceTree = "<group>"; };
		4F4C7EEC2BBEFA8F00F8E8BA /* Info.plist */ = {isa = PBXFileReference; lastKnownFileType = text.plist.xml; path = Info.plist; sourceTree = "<group>"; };
		4F6CEFCB2BD544F1004ECE99 /* SingleImageViewController.swift */ = {isa = PBXFileReference; lastKnownFileType = sourcecode.swift; path = SingleImageViewController.swift; sourceTree = "<group>"; };
		4F92B8742BD0422E0070FC53 /* ProfileViewController.swift */ = {isa = PBXFileReference; lastKnownFileType = sourcecode.swift; path = ProfileViewController.swift; sourceTree = "<group>"; };
		4FC87F132BC708D1009E0409 /* ImagesListCell.swift */ = {isa = PBXFileReference; lastKnownFileType = sourcecode.swift; path = ImagesListCell.swift; sourceTree = "<group>"; };
/* End PBXFileReference section */

/* Begin PBXFrameworksBuildPhase section */
		4F4C7ED82BBEFA8E00F8E8BA /* Frameworks */ = {
			isa = PBXFrameworksBuildPhase;
			buildActionMask = 2147483647;
			files = (
				4F3916192BFA118C0003624E /* ProgressHUD in Frameworks */,
			);
			runOnlyForDeploymentPostprocessing = 0;
		};
/* End PBXFrameworksBuildPhase section */

/* Begin PBXGroup section */
		4F4333C12BEA57AE001C92B4 /* Auth */ = {
			isa = PBXGroup;
			children = (
				4F4333BF2BEA575D001C92B4 /* AuthViewController.swift */,
				4F4333C22BEA621D001C92B4 /* WebViewViewController.swift */,
				4F4333C42BEB8CD8001C92B4 /* OAuth2Service.swift */,
				4F4333C62BEB9086001C92B4 /* URLSession+data.swift */,
				4F4333C82BEB91AE001C92B4 /* OAuthTokenResponseBody.swift */,
				4F4333CA2BEB9345001C92B4 /* OAuth2TokenStorage.swift */,
			);
			path = Auth;
			sourceTree = "<group>";
		};
		4F4C7ED22BBEFA8E00F8E8BA = {
			isa = PBXGroup;
			children = (
				4F4C7EDD2BBEFA8E00F8E8BA /* TickPic */,
				4F4C7EDC2BBEFA8E00F8E8BA /* Products */,
			);
			sourceTree = "<group>";
		};
		4F4C7EDC2BBEFA8E00F8E8BA /* Products */ = {
			isa = PBXGroup;
			children = (
				4F4C7EDB2BBEFA8E00F8E8BA /* TickPic.app */,
			);
			name = Products;
			sourceTree = "<group>";
		};
		4F4C7EDD2BBEFA8E00F8E8BA /* TickPic */ = {
			isa = PBXGroup;
			children = (
				4F4333C12BEA57AE001C92B4 /* Auth */,
				4F4C7EDE2BBEFA8E00F8E8BA /* AppDelegate.swift */,
				4F4C7EE02BBEFA8E00F8E8BA /* SceneDelegate.swift */,
				4FC87F122BC70891009E0409 /* ImagesList */,
				4F4C7EE42BBEFA8E00F8E8BA /* Main.storyboard */,
				4F92B8742BD0422E0070FC53 /* ProfileViewController.swift */,
				4F4C7EE72BBEFA8F00F8E8BA /* Assets.xcassets */,
				4F4C7EE92BBEFA8F00F8E8BA /* LaunchScreen.storyboard */,
				4F4C7EEC2BBEFA8F00F8E8BA /* Info.plist */,
				4F6CEFCB2BD544F1004ECE99 /* SingleImageViewController.swift */,
				4F41005D2BE696B400473381 /* Constants.swift */,
				4F4333CC2BEBAAB6001C92B4 /* SplashViewController.swift */,
				4F3916132BF8ACC50003624E /* UIBlockingProgressHUD.swift */,
				4F3916152BF9EE500003624E /* ProfileService.swift */,
			);
			path = TickPic;
			sourceTree = "<group>";
		};
		4FC87F122BC70891009E0409 /* ImagesList */ = {
			isa = PBXGroup;
			children = (
				4F4C7EE22BBEFA8E00F8E8BA /* ImagesListViewController.swift */,
				4FC87F132BC708D1009E0409 /* ImagesListCell.swift */,
			);
			path = ImagesList;
			sourceTree = "<group>";
		};
/* End PBXGroup section */

/* Begin PBXNativeTarget section */
		4F4C7EDA2BBEFA8E00F8E8BA /* TickPic */ = {
			isa = PBXNativeTarget;
			buildConfigurationList = 4F4C7EEF2BBEFA8F00F8E8BA /* Build configuration list for PBXNativeTarget "TickPic" */;
			buildPhases = (
				4F4C7ED72BBEFA8E00F8E8BA /* Sources */,
				4F4C7ED82BBEFA8E00F8E8BA /* Frameworks */,
				4F4C7ED92BBEFA8E00F8E8BA /* Resources */,
			);
			buildRules = (
			);
			dependencies = (
			);
			name = TickPic;
			packageProductDependencies = (
				4F3916182BFA118C0003624E /* ProgressHUD */,
			);
			productName = TickPic;
			productReference = 4F4C7EDB2BBEFA8E00F8E8BA /* TickPic.app */;
			productType = "com.apple.product-type.application";
		};
/* End PBXNativeTarget section */

/* Begin PBXProject section */
		4F4C7ED32BBEFA8E00F8E8BA /* Project object */ = {
			isa = PBXProject;
			attributes = {
				BuildIndependentTargetsInParallel = 1;
				LastSwiftUpdateCheck = 1530;
				LastUpgradeCheck = 1530;
				TargetAttributes = {
					4F4C7EDA2BBEFA8E00F8E8BA = {
						CreatedOnToolsVersion = 15.3;
					};
				};
			};
			buildConfigurationList = 4F4C7ED62BBEFA8E00F8E8BA /* Build configuration list for PBXProject "TickPic" */;
			compatibilityVersion = "Xcode 14.0";
			developmentRegion = en;
			hasScannedForEncodings = 0;
			knownRegions = (
				en,
				Base,
			);
			mainGroup = 4F4C7ED22BBEFA8E00F8E8BA;
			packageReferences = (
				4F3916172BFA118C0003624E /* XCRemoteSwiftPackageReference "ProgressHUD" */,
			);
			productRefGroup = 4F4C7EDC2BBEFA8E00F8E8BA /* Products */;
			projectDirPath = "";
			projectRoot = "";
			targets = (
				4F4C7EDA2BBEFA8E00F8E8BA /* TickPic */,
			);
		};
/* End PBXProject section */

/* Begin PBXResourcesBuildPhase section */
		4F4C7ED92BBEFA8E00F8E8BA /* Resources */ = {
			isa = PBXResourcesBuildPhase;
			buildActionMask = 2147483647;
			files = (
				4F4C7EE82BBEFA8F00F8E8BA /* Assets.xcassets in Resources */,
				4F4C7EEB2BBEFA8F00F8E8BA /* Base in Resources */,
				4F4C7EE62BBEFA8E00F8E8BA /* Base in Resources */,
			);
			runOnlyForDeploymentPostprocessing = 0;
		};
/* End PBXResourcesBuildPhase section */

/* Begin PBXSourcesBuildPhase section */
		4F4C7ED72BBEFA8E00F8E8BA /* Sources */ = {
			isa = PBXSourcesBuildPhase;
			buildActionMask = 2147483647;
			files = (
				4F4C7EE32BBEFA8E00F8E8BA /* ImagesListViewController.swift in Sources */,
				4F3916162BF9EE500003624E /* ProfileService.swift in Sources */,
				4F4C7EDF2BBEFA8E00F8E8BA /* AppDelegate.swift in Sources */,
				4F4333C92BEB91AE001C92B4 /* OAuthTokenResponseBody.swift in Sources */,
				4F92B8752BD0422E0070FC53 /* ProfileViewController.swift in Sources */,
				4F4C7EE12BBEFA8E00F8E8BA /* SceneDelegate.swift in Sources */,
				4F4333CD2BEBAAB6001C92B4 /* SplashViewController.swift in Sources */,
				4F4333C02BEA575D001C92B4 /* AuthViewController.swift in Sources */,
				4F41005E2BE696B400473381 /* Constants.swift in Sources */,
				4F3916142BF8ACC50003624E /* UIBlockingProgressHUD.swift in Sources */,
				4F6CEFCC2BD544F1004ECE99 /* SingleImageViewController.swift in Sources */,
				4F4333C72BEB9086001C92B4 /* URLSession+data.swift in Sources */,
				4F4333C32BEA621D001C92B4 /* WebViewViewController.swift in Sources */,
				4F4333C52BEB8CD8001C92B4 /* OAuth2Service.swift in Sources */,
				4F4333CB2BEB9345001C92B4 /* OAuth2TokenStorage.swift in Sources */,
				4FC87F142BC708D1009E0409 /* ImagesListCell.swift in Sources */,
			);
			runOnlyForDeploymentPostprocessing = 0;
		};
/* End PBXSourcesBuildPhase section */

/* Begin PBXVariantGroup section */
		4F4C7EE42BBEFA8E00F8E8BA /* Main.storyboard */ = {
			isa = PBXVariantGroup;
			children = (
				4F4C7EE52BBEFA8E00F8E8BA /* Base */,
			);
			name = Main.storyboard;
			sourceTree = "<group>";
		};
		4F4C7EE92BBEFA8F00F8E8BA /* LaunchScreen.storyboard */ = {
			isa = PBXVariantGroup;
			children = (
				4F4C7EEA2BBEFA8F00F8E8BA /* Base */,
			);
			name = LaunchScreen.storyboard;
			sourceTree = "<group>";
		};
/* End PBXVariantGroup section */

/* Begin XCBuildConfiguration section */
		4F4C7EED2BBEFA8F00F8E8BA /* Debug */ = {
			isa = XCBuildConfiguration;
			buildSettings = {
				ALWAYS_SEARCH_USER_PATHS = NO;
				ASSETCATALOG_COMPILER_GENERATE_SWIFT_ASSET_SYMBOL_EXTENSIONS = YES;
				CLANG_ANALYZER_NONNULL = YES;
				CLANG_ANALYZER_NUMBER_OBJECT_CONVERSION = YES_AGGRESSIVE;
				CLANG_CXX_LANGUAGE_STANDARD = "gnu++20";
				CLANG_ENABLE_MODULES = YES;
				CLANG_ENABLE_OBJC_ARC = YES;
				CLANG_ENABLE_OBJC_WEAK = YES;
				CLANG_WARN_BLOCK_CAPTURE_AUTORELEASING = YES;
				CLANG_WARN_BOOL_CONVERSION = YES;
				CLANG_WARN_COMMA = YES;
				CLANG_WARN_CONSTANT_CONVERSION = YES;
				CLANG_WARN_DEPRECATED_OBJC_IMPLEMENTATIONS = YES;
				CLANG_WARN_DIRECT_OBJC_ISA_USAGE = YES_ERROR;
				CLANG_WARN_DOCUMENTATION_COMMENTS = YES;
				CLANG_WARN_EMPTY_BODY = YES;
				CLANG_WARN_ENUM_CONVERSION = YES;
				CLANG_WARN_INFINITE_RECURSION = YES;
				CLANG_WARN_INT_CONVERSION = YES;
				CLANG_WARN_NON_LITERAL_NULL_CONVERSION = YES;
				CLANG_WARN_OBJC_IMPLICIT_RETAIN_SELF = YES;
				CLANG_WARN_OBJC_LITERAL_CONVERSION = YES;
				CLANG_WARN_OBJC_ROOT_CLASS = YES_ERROR;
				CLANG_WARN_QUOTED_INCLUDE_IN_FRAMEWORK_HEADER = YES;
				CLANG_WARN_RANGE_LOOP_ANALYSIS = YES;
				CLANG_WARN_STRICT_PROTOTYPES = YES;
				CLANG_WARN_SUSPICIOUS_MOVE = YES;
				CLANG_WARN_UNGUARDED_AVAILABILITY = YES_AGGRESSIVE;
				CLANG_WARN_UNREACHABLE_CODE = YES;
				CLANG_WARN__DUPLICATE_METHOD_MATCH = YES;
				COPY_PHASE_STRIP = NO;
				DEBUG_INFORMATION_FORMAT = dwarf;
				ENABLE_STRICT_OBJC_MSGSEND = YES;
				ENABLE_TESTABILITY = YES;
				ENABLE_USER_SCRIPT_SANDBOXING = YES;
				GCC_C_LANGUAGE_STANDARD = gnu17;
				GCC_DYNAMIC_NO_PIC = NO;
				GCC_NO_COMMON_BLOCKS = YES;
				GCC_OPTIMIZATION_LEVEL = 0;
				GCC_PREPROCESSOR_DEFINITIONS = (
					"DEBUG=1",
					"$(inherited)",
				);
				GCC_WARN_64_TO_32_BIT_CONVERSION = YES;
				GCC_WARN_ABOUT_RETURN_TYPE = YES_ERROR;
				GCC_WARN_UNDECLARED_SELECTOR = YES;
				GCC_WARN_UNINITIALIZED_AUTOS = YES_AGGRESSIVE;
				GCC_WARN_UNUSED_FUNCTION = YES;
				GCC_WARN_UNUSED_VARIABLE = YES;
				IPHONEOS_DEPLOYMENT_TARGET = 17.4;
				LOCALIZATION_PREFERS_STRING_CATALOGS = YES;
				MTL_ENABLE_DEBUG_INFO = INCLUDE_SOURCE;
				MTL_FAST_MATH = YES;
				ONLY_ACTIVE_ARCH = YES;
				SDKROOT = iphoneos;
				SWIFT_ACTIVE_COMPILATION_CONDITIONS = "DEBUG $(inherited)";
				SWIFT_OPTIMIZATION_LEVEL = "-Onone";
			};
			name = Debug;
		};
		4F4C7EEE2BBEFA8F00F8E8BA /* Release */ = {
			isa = XCBuildConfiguration;
			buildSettings = {
				ALWAYS_SEARCH_USER_PATHS = NO;
				ASSETCATALOG_COMPILER_GENERATE_SWIFT_ASSET_SYMBOL_EXTENSIONS = YES;
				CLANG_ANALYZER_NONNULL = YES;
				CLANG_ANALYZER_NUMBER_OBJECT_CONVERSION = YES_AGGRESSIVE;
				CLANG_CXX_LANGUAGE_STANDARD = "gnu++20";
				CLANG_ENABLE_MODULES = YES;
				CLANG_ENABLE_OBJC_ARC = YES;
				CLANG_ENABLE_OBJC_WEAK = YES;
				CLANG_WARN_BLOCK_CAPTURE_AUTORELEASING = YES;
				CLANG_WARN_BOOL_CONVERSION = YES;
				CLANG_WARN_COMMA = YES;
				CLANG_WARN_CONSTANT_CONVERSION = YES;
				CLANG_WARN_DEPRECATED_OBJC_IMPLEMENTATIONS = YES;
				CLANG_WARN_DIRECT_OBJC_ISA_USAGE = YES_ERROR;
				CLANG_WARN_DOCUMENTATION_COMMENTS = YES;
				CLANG_WARN_EMPTY_BODY = YES;
				CLANG_WARN_ENUM_CONVERSION = YES;
				CLANG_WARN_INFINITE_RECURSION = YES;
				CLANG_WARN_INT_CONVERSION = YES;
				CLANG_WARN_NON_LITERAL_NULL_CONVERSION = YES;
				CLANG_WARN_OBJC_IMPLICIT_RETAIN_SELF = YES;
				CLANG_WARN_OBJC_LITERAL_CONVERSION = YES;
				CLANG_WARN_OBJC_ROOT_CLASS = YES_ERROR;
				CLANG_WARN_QUOTED_INCLUDE_IN_FRAMEWORK_HEADER = YES;
				CLANG_WARN_RANGE_LOOP_ANALYSIS = YES;
				CLANG_WARN_STRICT_PROTOTYPES = YES;
				CLANG_WARN_SUSPICIOUS_MOVE = YES;
				CLANG_WARN_UNGUARDED_AVAILABILITY = YES_AGGRESSIVE;
				CLANG_WARN_UNREACHABLE_CODE = YES;
				CLANG_WARN__DUPLICATE_METHOD_MATCH = YES;
				COPY_PHASE_STRIP = NO;
				DEBUG_INFORMATION_FORMAT = "dwarf-with-dsym";
				ENABLE_NS_ASSERTIONS = NO;
				ENABLE_STRICT_OBJC_MSGSEND = YES;
				ENABLE_USER_SCRIPT_SANDBOXING = YES;
				GCC_C_LANGUAGE_STANDARD = gnu17;
				GCC_NO_COMMON_BLOCKS = YES;
				GCC_WARN_64_TO_32_BIT_CONVERSION = YES;
				GCC_WARN_ABOUT_RETURN_TYPE = YES_ERROR;
				GCC_WARN_UNDECLARED_SELECTOR = YES;
				GCC_WARN_UNINITIALIZED_AUTOS = YES_AGGRESSIVE;
				GCC_WARN_UNUSED_FUNCTION = YES;
				GCC_WARN_UNUSED_VARIABLE = YES;
				IPHONEOS_DEPLOYMENT_TARGET = 17.4;
				LOCALIZATION_PREFERS_STRING_CATALOGS = YES;
				MTL_ENABLE_DEBUG_INFO = NO;
				MTL_FAST_MATH = YES;
				SDKROOT = iphoneos;
				SWIFT_COMPILATION_MODE = wholemodule;
				VALIDATE_PRODUCT = YES;
			};
			name = Release;
		};
		4F4C7EF02BBEFA8F00F8E8BA /* Debug */ = {
			isa = XCBuildConfiguration;
			buildSettings = {
				ASSETCATALOG_COMPILER_APPICON_NAME = AppIcon;
				ASSETCATALOG_COMPILER_GLOBAL_ACCENT_COLOR_NAME = AccentColor;
				CODE_SIGN_STYLE = Automatic;
				CURRENT_PROJECT_VERSION = 1;
				DEVELOPMENT_TEAM = 6D5U6N6YZA;
				GENERATE_INFOPLIST_FILE = YES;
				INFOPLIST_FILE = TickPic/Info.plist;
				INFOPLIST_KEY_LSApplicationCategoryType = "public.app-category.social-networking";
				INFOPLIST_KEY_UIApplicationSupportsIndirectInputEvents = YES;
				INFOPLIST_KEY_UILaunchStoryboardName = LaunchScreen;
				INFOPLIST_KEY_UIMainStoryboardFile = Main;
				INFOPLIST_KEY_UIStatusBarStyle = "";
				INFOPLIST_KEY_UISupportedInterfaceOrientations = UIInterfaceOrientationPortrait;
				IPHONEOS_DEPLOYMENT_TARGET = 13.0;
				LD_RUNPATH_SEARCH_PATHS = (
					"$(inherited)",
					"@executable_path/Frameworks",
				);
				MARKETING_VERSION = 1.0;
				PRODUCT_BUNDLE_IDENTIFIER = ru.yandex.practicum.slenbder.TickPic;
				PRODUCT_NAME = "$(TARGET_NAME)";
				SUPPORTED_PLATFORMS = "iphoneos iphonesimulator";
				SUPPORTS_MACCATALYST = NO;
				SUPPORTS_MAC_DESIGNED_FOR_IPHONE_IPAD = NO;
				SUPPORTS_XR_DESIGNED_FOR_IPHONE_IPAD = NO;
				SWIFT_EMIT_LOC_STRINGS = YES;
				SWIFT_VERSION = 5.0;
				TARGETED_DEVICE_FAMILY = 1;
			};
			name = Debug;
		};
		4F4C7EF12BBEFA8F00F8E8BA /* Release */ = {
			isa = XCBuildConfiguration;
			buildSettings = {
				ASSETCATALOG_COMPILER_APPICON_NAME = AppIcon;
				ASSETCATALOG_COMPILER_GLOBAL_ACCENT_COLOR_NAME = AccentColor;
				CODE_SIGN_STYLE = Automatic;
				CURRENT_PROJECT_VERSION = 1;
				DEVELOPMENT_TEAM = 6D5U6N6YZA;
				GENERATE_INFOPLIST_FILE = YES;
				INFOPLIST_FILE = TickPic/Info.plist;
				INFOPLIST_KEY_LSApplicationCategoryType = "public.app-category.social-networking";
				INFOPLIST_KEY_UIApplicationSupportsIndirectInputEvents = YES;
				INFOPLIST_KEY_UILaunchStoryboardName = LaunchScreen;
				INFOPLIST_KEY_UIMainStoryboardFile = Main;
				INFOPLIST_KEY_UIStatusBarStyle = "";
				INFOPLIST_KEY_UISupportedInterfaceOrientations = UIInterfaceOrientationPortrait;
				IPHONEOS_DEPLOYMENT_TARGET = 13.0;
				LD_RUNPATH_SEARCH_PATHS = (
					"$(inherited)",
					"@executable_path/Frameworks",
				);
				MARKETING_VERSION = 1.0;
				PRODUCT_BUNDLE_IDENTIFIER = ru.yandex.practicum.slenbder.TickPic;
				PRODUCT_NAME = "$(TARGET_NAME)";
				SUPPORTED_PLATFORMS = "iphoneos iphonesimulator";
				SUPPORTS_MACCATALYST = NO;
				SUPPORTS_MAC_DESIGNED_FOR_IPHONE_IPAD = NO;
				SUPPORTS_XR_DESIGNED_FOR_IPHONE_IPAD = NO;
				SWIFT_EMIT_LOC_STRINGS = YES;
				SWIFT_VERSION = 5.0;
				TARGETED_DEVICE_FAMILY = 1;
			};
			name = Release;
		};
/* End XCBuildConfiguration section */

/* Begin XCConfigurationList section */
		4F4C7ED62BBEFA8E00F8E8BA /* Build configuration list for PBXProject "TickPic" */ = {
			isa = XCConfigurationList;
			buildConfigurations = (
				4F4C7EED2BBEFA8F00F8E8BA /* Debug */,
				4F4C7EEE2BBEFA8F00F8E8BA /* Release */,
			);
			defaultConfigurationIsVisible = 0;
			defaultConfigurationName = Release;
		};
		4F4C7EEF2BBEFA8F00F8E8BA /* Build configuration list for PBXNativeTarget "TickPic" */ = {
			isa = XCConfigurationList;
			buildConfigurations = (
				4F4C7EF02BBEFA8F00F8E8BA /* Debug */,
				4F4C7EF12BBEFA8F00F8E8BA /* Release */,
			);
			defaultConfigurationIsVisible = 0;
			defaultConfigurationName = Release;
		};
/* End XCConfigurationList section */

/* Begin XCRemoteSwiftPackageReference section */
		4F3916172BFA118C0003624E /* XCRemoteSwiftPackageReference "ProgressHUD" */ = {
			isa = XCRemoteSwiftPackageReference;
			repositoryURL = "https://github.com/relatedcode/ProgressHUD";
			requirement = {
				kind = upToNextMajorVersion;
				minimumVersion = 14.1.3;
			};
		};
/* End XCRemoteSwiftPackageReference section */

/* Begin XCSwiftPackageProductDependency section */
		4F3916182BFA118C0003624E /* ProgressHUD */ = {
			isa = XCSwiftPackageProductDependency;
			package = 4F3916172BFA118C0003624E /* XCRemoteSwiftPackageReference "ProgressHUD" */;
			productName = ProgressHUD;
		};
/* End XCSwiftPackageProductDependency section */
	};
	rootObject = 4F4C7ED32BBEFA8E00F8E8BA /* Project object */;
}
